{
  "name": "filestore-typescript.git",
  "lockfileVersion": 3,
  "requires": true,
  "packages": {
    "": {
      "devDependencies": {
        "dbmate": "^2.31.0"
      }
    },
    "node_modules/@dbmate/darwin-arm64": {
      "version": "2.31.0",
      "resolved": "https://registry.npmjs.org/@dbmate/darwin-arm64/-/darwin-arm64-2.31.0.tgz",
      "integrity": "sha512-mNAzglcHXrpPPALJjWCI3OJYIdPEtTFfYT3L3fODMG+ZicOLAgwxZmZbfM3tn0mtbJ2AWVRqzRgytDkMY3+u3g==",
      "cpu": [
        "arm64"
      ],
      "dev": true,
      "license": "MIT",
      "optional": true,
      "os": [
        "darwin"
      ]
    },
    "node_modules/@dbmate/darwin-x64": {
      "version": "2.31.0",
      "resolved": "https://registry.npmjs.org/@dbmate/darwin-x64/-/darwin-x64-2.31.0.tgz",
      "integrity": "sha512-q05Z1Bzh17PNSB10z2Ie3Wwwcb8xzVoVddzLApIo/26yzO9jC87Eim1ahqDnNxuMYGZO0b96bJsJlhEmolre4A==",
      "cpu": [
        "x64"
      ],
      "dev": true,
      "license": "MIT",
      "optional": true,
      "os": [
        "darwin"
      ]
    },
    "node_modules/@dbmate/linux-arm": {
      "version": "2.31.0",
      "resolved": "https://registry.npmjs.org/@dbmate/linux-arm/-/linux-arm-2.31.0.tgz",
      "integrity": "sha512-hfgHQl2gx3/WfSLO9zI3EVd91f3QcV0b03+yPKTDfP0iXDuZAkZwCVfuXST91IWeF6dQvMugeFQkT+JM//4zSg==",
      "cpu": [
        "arm"
      ],
      "dev": true,
      "license": "MIT",
      "optional": true,
      "os": [
        "linux"
      ]
    },
    "node_modules/@dbmate/linux-arm64": {
      "version": "2.31.0",
      "resolved": "https://registry.npmjs.org/@dbmate/linux-arm64/-/linux-arm64-2.31.0.tgz",
      "integrity": "sha512-pAJxGDNKNJE7bCnqYHxYUU2sqf6TXZgbGBTL7rKhx3snS5aDzOR8WFCHoKgt+Lriyaa3lRdGq/IYCMzNsL4z2w==",
      "cpu": [
        "arm64"
      ],
      "dev": true,
      "license": "MIT",
      "optional": true,
      "os": [
        "linux"
      ]
    },
    "node_modules/@dbmate/linux-ia32": {
      "version": "2.31.0",
      "resolved": "https://registry.npmjs.org/@dbmate/linux-ia32/-/linux-ia32-2.31.0.tgz",
      "integrity": "sha512-BcPofnf42EL9S//DaNR0FAQOaF2Kxfhrvymgp80QKnjBSWFj5cjrJadxwzyXCxngcHRlw10/3I/6IaBR71n7aw==",
      "cpu": [
        "ia32"
      ],
      "dev": true,
      "license": "MIT",
      "optional": true,
      "os": [
        "linux"
      ]
    },
    "node_modules/@dbmate/linux-x64": {
      "version": "2.31.0",
      "resolved": "https://registry.npmjs.org/@dbmate/linux-x64/-/linux-x64-2.31.0.tgz",
      "integrity": "sha512-/GC91+u0qjpXtlIcvv6BEbLqR5MZK7MJgDC65huOzP4OOIeymQK+D5QsuMHNTwff/2z1zut42Mc42gROYPsYbg==",
      "cpu": [
        "x64"
      ],
      "dev": true,
      "license": "MIT",
      "optional": true,
      "os": [
        "linux"
      ]
    },
    "node_modules/@dbmate/win32-x64": {
      "version": "2.31.0",
      "resolved": "https://registry.npmjs.org/@dbmate/win32-x64/-/win32-x64-2.31.0.tgz",
      "integrity": "sha512-NxpHyjN66zm85DrS5lK497Z7SQn+WJ8vejdw7NWAnneqUNdAGU2F9Gq9Czhv9Ue+MugFAqjWjapNKx25jyqdyA==",
      "cpu": [
        "x64"
      ],
      "dev": true,
      "license": "MIT",
      "optional": true,
      "os": [
        "win32"
      ]
    },
    "node_modules/dbmate": {
      "version": "2.31.0",
      "resolved": "https://registry.npmjs.org/dbmate/-/dbmate-2.31.0.tgz",
      "integrity": "sha512-qotXrPtcq/mJUQPX3GhfFUtLsDcqU5QQ8YKg4QMYgl9/dEWEmd06YH0FaLKJZv7hMVsBbtMvHC5BdBCXhDidqA==",
      "dev": true,
      "license": "MIT",
      "bin": {
        "dbmate": "dist/cli.js"
      },
      "optionalDependencies": {
        "@dbmate/darwin-arm64": "2.31.0",
        "@dbmate/darwin-x64": "2.31.0",
        "@dbmate/linux-arm": "2.31.0",
        "@dbmate/linux-arm64": "2.31.0",
        "@dbmate/linux-ia32": "2.31.0",
        "@dbmate/linux-x64": "2.31.0",
        "@dbmate/win32-x64": "2.31.0"
      }
    }
  }
}
